{
  "nodes": {
    "nixpkgs": {
      "locked": {
        "lastModified": 1670152712,
        "narHash": "sha256-LJttwIvJqsZIj8u1LxVRv82vwUtkzVqQVi7Wb8gxPS4=",
        "owner": "NixOS",
        "repo": "nixpkgs",
        "rev": "14ddeaebcbe9a25748221d1d7ecdf98e20e2325e",
        "type": "github"
      },
      "original": {
        "owner": "NixOS",
        "ref": "nixos-unstable",
        "repo": "nixpkgs",
        "type": "github"
      }
    },
    "root": {
      "inputs": {
        "nixpkgs": "nixpkgs"
      }
    }
  },
  "root": "root",
  "version": 7
}
